
Microsoft Visual Studio Solution File, Format Version 12.00
# Visual Studio Version 17
VisualStudioVersion = 17.10.35122.118
MinimumVisualStudioVersion = 10.0.40219.1
Project("{FAE04EC0-301F-11D3-BF4B-00C04F79EFBC}") = "WebApplication2", "WebApplication2\WebApplication2.csproj", "{6924F261-403E-47F5-AE81-8E13AACD698A}"
EndProject
Global
	GlobalSection(SolutionConfigurationPlatforms) = preSolution
		Debug|Any CPU = Debug|Any CPU
		Release|Any CPU = Release|Any CPU
	EndGlobalSection
	GlobalSection(ProjectConfigurationPlatforms) = postSolution
		{6924F261-403E-47F5-AE81-8E13AACD698A}.Debug|Any CPU.ActiveCfg = Debug|Any CPU
		{6924F261-403E-47F5-AE81-8E13AACD698A}.Debug|Any CPU.Build.0 = Debug|Any CPU
		{6924F261-403E-47F5-AE81-8E13AACD698A}.Release|Any CPU.ActiveCfg = Release|Any CPU
		{6924F261-403E-47F5-AE81-8E13AACD698A}.Release|Any CPU.Build.0 = Release|Any CPU
	EndGlobalSection
	GlobalSection(SolutionProperties) = preSolution
		HideSolutionNode = FALSE
	EndGlobalSection
	GlobalSection(ExtensibilityGlobals) = postSolution
		SolutionGuid = {94A21F36-8C37-4D7F-90A5-FA3B525371D9}
	EndGlobalSection
EndGlobal
